
Microsoft Visual Studio Solution File, Format Version 12.00
# Visual Studio Version 16
VisualStudioVersion = 16.0.29411.108
MinimumVisualStudioVersion = 10.0.40219.1
Project("{F184B08F-C81C-45F6-A57F-5ABD9991F28F}") = "UserControls", "UserControls\UserControls.vbproj", "{85FC494B-CEE4-4261-A287-DD21E9A4DD5A}"
EndProject
Project("{F184B08F-C81C-45F6-A57F-5ABD9991F28F}") = "DAL", "(DAL)\DAL.vbproj", "{80572EBE-DEC6-4C1E-B33E-9B71267D1471}"
EndProject
Project("{F184B08F-C81C-45F6-A57F-5ABD9991F28F}") = "Common", "Common\Common.vbproj", "{9B9A0855-246B-4D22-A9B8-6819951684BC}"
EndProject
Project("{F184B08F-C81C-45F6-A57F-5ABD9991F28F}") = "Permission", "Permission\Permission.vbproj", "{DD8C4CF8-75BB-42B8-978F-9595ED692FC6}"
EndProject
Project("{FAE04EC0-301F-11D3-BF4B-00C04F79EFBC}") = "Salary", "Salary\Salary.csproj", "{39B8D39A-D937-42A1-AC98-87EF0EA7C4FD}"
EndProject
Project("{F184B08F-C81C-45F6-A57F-5ABD9991F28F}") = "TarafHesab", "TarafHesab\TarafHesab.vbproj", "{54036D35-550B-45C4-B7CE-5BF0E73AED8A}"
EndProject
Project("{F184B08F-C81C-45F6-A57F-5ABD9991F28F}") = "Personnely", "Personnely\Personnely.vbproj", "{0F64D22B-66BA-4DC7-BA28-D1458DC621D8}"
EndProject
Project("{F184B08F-C81C-45F6-A57F-5ABD9991F28F}") = "Main", "Main\Main.vbproj", "{7F3F6DF0-93EF-4AAC-A332-162AFFF763A0}"
EndProject
Project("{F184B08F-C81C-45F6-A57F-5ABD9991F28F}") = "Login", "Login\Login.vbproj", "{BE608051-A5C2-48BE-8AAB-F14B5ABFD2DC}"
EndProject
Project("{FAE04EC0-301F-11D3-BF4B-00C04F79EFBC}") = "EF", "EF\EF.csproj", "{5F179829-3BF2-4A05-A864-6B127D08511D}"
EndProject
Global
	GlobalSection(SolutionConfigurationPlatforms) = preSolution
		Debug|Any CPU = Debug|Any CPU
		Release|Any CPU = Release|Any CPU
	EndGlobalSection
	GlobalSection(ProjectConfigurationPlatforms) = postSolution
		{85FC494B-CEE4-4261-A287-DD21E9A4DD5A}.Debug|Any CPU.ActiveCfg = Debug|Any CPU
		{85FC494B-CEE4-4261-A287-DD21E9A4DD5A}.Debug|Any CPU.Build.0 = Debug|Any CPU
		{85FC494B-CEE4-4261-A287-DD21E9A4DD5A}.Release|Any CPU.ActiveCfg = Release|Any CPU
		{85FC494B-CEE4-4261-A287-DD21E9A4DD5A}.Release|Any CPU.Build.0 = Release|Any CPU
		{80572EBE-DEC6-4C1E-B33E-9B71267D1471}.Debug|Any CPU.ActiveCfg = Debug|Any CPU
		{80572EBE-DEC6-4C1E-B33E-9B71267D1471}.Debug|Any CPU.Build.0 = Debug|Any CPU
		{80572EBE-DEC6-4C1E-B33E-9B71267D1471}.Release|Any CPU.ActiveCfg = Release|Any CPU
		{80572EBE-DEC6-4C1E-B33E-9B71267D1471}.Release|Any CPU.Build.0 = Release|Any CPU
		{9B9A0855-246B-4D22-A9B8-6819951684BC}.Debug|Any CPU.ActiveCfg = Debug|Any CPU
		{9B9A0855-246B-4D22-A9B8-6819951684BC}.Debug|Any CPU.Build.0 = Debug|Any CPU
		{9B9A0855-246B-4D22-A9B8-6819951684BC}.Release|Any CPU.ActiveCfg = Release|Any CPU
		{9B9A0855-246B-4D22-A9B8-6819951684BC}.Release|Any CPU.Build.0 = Release|Any CPU
		{DD8C4CF8-75BB-42B8-978F-9595ED692FC6}.Debug|Any CPU.ActiveCfg = Debug|Any CPU
		{DD8C4CF8-75BB-42B8-978F-9595ED692FC6}.Debug|Any CPU.Build.0 = Debug|Any CPU
		{DD8C4CF8-75BB-42B8-978F-9595ED692FC6}.Release|Any CPU.ActiveCfg = Release|Any CPU
		{DD8C4CF8-75BB-42B8-978F-9595ED692FC6}.Release|Any CPU.Build.0 = Release|Any CPU
		{39B8D39A-D937-42A1-AC98-87EF0EA7C4FD}.Debug|Any CPU.ActiveCfg = Debug|Any CPU
		{39B8D39A-D937-42A1-AC98-87EF0EA7C4FD}.Debug|Any CPU.Build.0 = Debug|Any CPU
		{39B8D39A-D937-42A1-AC98-87EF0EA7C4FD}.Release|Any CPU.ActiveCfg = Release|Any CPU
		{39B8D39A-D937-42A1-AC98-87EF0EA7C4FD}.Release|Any CPU.Build.0 = Release|Any CPU
		{54036D35-550B-45C4-B7CE-5BF0E73AED8A}.Debug|Any CPU.ActiveCfg = Debug|Any CPU
		{54036D35-550B-45C4-B7CE-5BF0E73AED8A}.Debug|Any CPU.Build.0 = Debug|Any CPU
		{54036D35-550B-45C4-B7CE-5BF0E73AED8A}.Release|Any CPU.ActiveCfg = Release|Any CPU
		{54036D35-550B-45C4-B7CE-5BF0E73AED8A}.Release|Any CPU.Build.0 = Release|Any CPU
		{0F64D22B-66BA-4DC7-BA28-D1458DC621D8}.Debug|Any CPU.ActiveCfg = Debug|Any CPU
		{0F64D22B-66BA-4DC7-BA28-D1458DC621D8}.Debug|Any CPU.Build.0 = Debug|Any CPU
		{0F64D22B-66BA-4DC7-BA28-D1458DC621D8}.Release|Any CPU.ActiveCfg = Release|Any CPU
		{0F64D22B-66BA-4DC7-BA28-D1458DC621D8}.Release|Any CPU.Build.0 = Release|Any CPU
		{7F3F6DF0-93EF-4AAC-A332-162AFFF763A0}.Debug|Any CPU.ActiveCfg = Debug|Any CPU
		{7F3F6DF0-93EF-4AAC-A332-162AFFF763A0}.Debug|Any CPU.Build.0 = Debug|Any CPU
		{7F3F6DF0-93EF-4AAC-A332-162AFFF763A0}.Release|Any CPU.ActiveCfg = Release|Any CPU
		{7F3F6DF0-93EF-4AAC-A332-162AFFF763A0}.Release|Any CPU.Build.0 = Release|Any CPU
		{BE608051-A5C2-48BE-8AAB-F14B5ABFD2DC}.Debug|Any CPU.ActiveCfg = Debug|Any CPU
		{BE608051-A5C2-48BE-8AAB-F14B5ABFD2DC}.Debug|Any CPU.Build.0 = Debug|Any CPU
		{BE608051-A5C2-48BE-8AAB-F14B5ABFD2DC}.Release|Any CPU.ActiveCfg = Release|Any CPU
		{BE608051-A5C2-48BE-8AAB-F14B5ABFD2DC}.Release|Any CPU.Build.0 = Release|Any CPU
		{5F179829-3BF2-4A05-A864-6B127D08511D}.Debug|Any CPU.ActiveCfg = Debug|Any CPU
		{5F179829-3BF2-4A05-A864-6B127D08511D}.Debug|Any CPU.Build.0 = Debug|Any CPU
		{5F179829-3BF2-4A05-A864-6B127D08511D}.Release|Any CPU.ActiveCfg = Release|Any CPU
		{5F179829-3BF2-4A05-A864-6B127D08511D}.Release|Any CPU.Build.0 = Release|Any CPU
	EndGlobalSection
	GlobalSection(SolutionProperties) = preSolution
		HideSolutionNode = FALSE
	EndGlobalSection
	GlobalSection(ExtensibilityGlobals) = postSolution
		SolutionGuid = {054CDDC5-0174-4CAD-AAC6-19B9C5544E17}
	EndGlobalSection
EndGlobal
