
Microsoft Visual Studio Solution File, Format Version 12.00
# Visual Studio 2012
Project("{F184B08F-C81C-45F6-A57F-5ABD9991F28F}") = "Main", "Main.vbproj", "{7F3F6DF0-93EF-4AAC-A332-162AFFF763A0}"
EndProject
Global
	GlobalSection(SourceCodeControl) = preSolution
		SccNumberOfProjects = 1
		SccProjectUniqueName0 = Main.vbproj
		SccProjectName0 = \u0022$/Personel/Personnel.root/Personnel/References\u0022,\u0020QAMAAAAA
		SccLocalPath0 = .
		SccProvider0 = MSSCCI:Microsoft\u0020Visual\u0020SourceSafe
	EndGlobalSection
	GlobalSection(SolutionConfigurationPlatforms) = preSolution
		Debug|Any CPU = Debug|Any CPU
		Release|Any CPU = Release|Any CPU
	EndGlobalSection
	GlobalSection(ProjectConfigurationPlatforms) = postSolution
		{7F3F6DF0-93EF-4AAC-A332-162AFFF763A0}.Debug|Any CPU.ActiveCfg = Debug|Any CPU
		{7F3F6DF0-93EF-4AAC-A332-162AFFF763A0}.Debug|Any CPU.Build.0 = Debug|Any CPU
		{7F3F6DF0-93EF-4AAC-A332-162AFFF763A0}.Release|Any CPU.ActiveCfg = Release|Any CPU
		{7F3F6DF0-93EF-4AAC-A332-162AFFF763A0}.Release|Any CPU.Build.0 = Release|Any CPU
	EndGlobalSection
	GlobalSection(SolutionProperties) = preSolution
		HideSolutionNode = FALSE
	EndGlobalSection
EndGlobal
